
Microsoft Visual Studio Solution File, Format Version 12.00
# Visual Studio Version 17
VisualStudioVersion = 17.5.33530.505
MinimumVisualStudioVersion = 10.0.40219.1
Project("{FAE04EC0-301F-11D3-BF4B-00C04F79EFBC}") = "dockerJenkinsAssignment", "dockerJenkinsAssignment.csproj", "{24BA42C5-BC38-4882-91C4-B10283DBBEDF}"
EndProject
Global
	GlobalSection(SolutionConfigurationPlatforms) = preSolution
		Debug|Any CPU = Debug|Any CPU
		Release|Any CPU = Release|Any CPU
	EndGlobalSection
	GlobalSection(ProjectConfigurationPlatforms) = postSolution
		{24BA42C5-BC38-4882-91C4-B10283DBBEDF}.Debug|Any CPU.ActiveCfg = Debug|Any CPU
		{24BA42C5-BC38-4882-91C4-B10283DBBEDF}.Debug|Any CPU.Build.0 = Debug|Any CPU
		{24BA42C5-BC38-4882-91C4-B10283DBBEDF}.Release|Any CPU.ActiveCfg = Release|Any CPU
		{24BA42C5-BC38-4882-91C4-B10283DBBEDF}.Release|Any CPU.Build.0 = Release|Any CPU
	EndGlobalSection
	GlobalSection(SolutionProperties) = preSolution
		HideSolutionNode = FALSE
	EndGlobalSection
	GlobalSection(ExtensibilityGlobals) = postSolution
		SolutionGuid = {82751121-5F5C-4F05-B76A-E3D7914B228B}
	EndGlobalSection
EndGlobal
